{
    "_meta": {
        "hash": {
            "sha256": "539a4f528e5a191acf2a3c46e93ddb49bae59813026385dc67e7d43dc33ec746"
        },
        "pipfile-spec": 6,
        "requires": {
            "python_version": "3.7"
        },
        "sources": [
            {
                "name": "pypi",
                "url": "https://pypi.org/simple",
                "verify_ssl": true
            }
        ]
    },
    "default": {
        "dotter": {
            "editable": true,
            "path": "."
        }
    },
    "develop": {}
}
